
Microsoft Visual Studio Solution File, Format Version 12.00
# Visual Studio Version 17
VisualStudioVersion = 17.1.32210.238
MinimumVisualStudioVersion = 10.0.40219.1
Project("{8BC9CEB8-8B4A-11D0-8D11-00A0C91BC942}") = "Simulator", "Simulator.vcxproj", "{AB06D4D2-4A6E-4E1D-91CD-0AC0A1185B34}"
EndProject
Global
	GlobalSection(SolutionConfigurationPlatforms) = preSolution
		Debug|x64 = Debug|x64
		Debug|x86 = Debug|x86
		Release|x64 = Release|x64
		Release|x86 = Release|x86
	EndGlobalSection
	GlobalSection(ProjectConfigurationPlatforms) = postSolution
		{AB06D4D2-4A6E-4E1D-91CD-0AC0A1185B34}.Debug|x64.ActiveCfg = Debug|x64
		{AB06D4D2-4A6E-4E1D-91CD-0AC0A1185B34}.Debug|x64.Build.0 = Debug|x64
		{AB06D4D2-4A6E-4E1D-91CD-0AC0A1185B34}.Debug|x86.ActiveCfg = Debug|Win32
		{AB06D4D2-4A6E-4E1D-91CD-0AC0A1185B34}.Debug|x86.Build.0 = Debug|Win32
		{AB06D4D2-4A6E-4E1D-91CD-0AC0A1185B34}.Release|x64.ActiveCfg = Release|x64
		{AB06D4D2-4A6E-4E1D-91CD-0AC0A1185B34}.Release|x64.Build.0 = Release|x64
		{AB06D4D2-4A6E-4E1D-91CD-0AC0A1185B34}.Release|x86.ActiveCfg = Release|Win32
		{AB06D4D2-4A6E-4E1D-91CD-0AC0A1185B34}.Release|x86.Build.0 = Release|Win32
	EndGlobalSection
	GlobalSection(SolutionProperties) = preSolution
		HideSolutionNode = FALSE
	EndGlobalSection
	GlobalSection(ExtensibilityGlobals) = postSolution
		SolutionGuid = {AE0B23AD-8787-4FCD-A073-004DEDA2D6D5}
	EndGlobalSection
EndGlobal
